
Microsoft Visual Studio Solution File, Format Version 12.00
# Visual Studio Version 17
VisualStudioVersion = 17.5.002.0
MinimumVisualStudioVersion = 10.0.40219.1
Project("{9A19103F-16F7-4668-BE54-9A1E7A4F7556}") = "personal_website", "personal_website.csproj", "{17E96E66-E098-42E4-9D79-75E88684E5F0}"
EndProject
Global
	GlobalSection(SolutionConfigurationPlatforms) = preSolution
		Debug|Any CPU = Debug|Any CPU
		Release|Any CPU = Release|Any CPU
	EndGlobalSection
	GlobalSection(ProjectConfigurationPlatforms) = postSolution
		{17E96E66-E098-42E4-9D79-75E88684E5F0}.Debug|Any CPU.ActiveCfg = Debug|Any CPU
		{17E96E66-E098-42E4-9D79-75E88684E5F0}.Debug|Any CPU.Build.0 = Debug|Any CPU
		{17E96E66-E098-42E4-9D79-75E88684E5F0}.Release|Any CPU.ActiveCfg = Release|Any CPU
		{17E96E66-E098-42E4-9D79-75E88684E5F0}.Release|Any CPU.Build.0 = Release|Any CPU
	EndGlobalSection
	GlobalSection(SolutionProperties) = preSolution
		HideSolutionNode = FALSE
	EndGlobalSection
	GlobalSection(ExtensibilityGlobals) = postSolution
		SolutionGuid = {55BD8FC2-460D-4F10-8749-E92C591E9228}
	EndGlobalSection
EndGlobal
