
Microsoft Visual Studio Solution File, Format Version 12.00
# Visual Studio Version 17
VisualStudioVersion = 17.5.2.0
MinimumVisualStudioVersion = 10.0.40219.1
Project("{9A19103F-16F7-4668-BE54-9A1E7A4F7556}") = "personal_website", "personal_website.csproj", "{17E96E66-E098-42E4-9D79-75E88684E5F0}"
EndProject
Project("{2150E333-8FDC-42A3-9474-1A3956D46DE8}") = "Libraries", "Libraries", "{F2E35B3E-9711-EDEC-6202-DB40BDEED14A}"
EndProject
Project("{FAE04EC0-301F-11D3-BF4B-00C04F79EFBC}") = "personal_website.Components.Pages.Aviation", "Libraries\personal_website.Components.Pages.Aviation\personal_website.Components.Pages.Aviation.csproj", "{6C8C7392-79C6-4CA1-B5BD-711DF175E252}"
EndProject
Project("{FAE04EC0-301F-11D3-BF4B-00C04F79EFBC}") = "personal_website.Components.Pages.Experience", "Libraries\personal_website.Components.Pages.Experience\personal_website.Components.Pages.Experience.csproj", "{828E046C-1C16-4B46-9C36-CE98094B1701}"
EndProject
Project("{FAE04EC0-301F-11D3-BF4B-00C04F79EFBC}") = "personal_website.Components.Pages.Contact", "Libraries\personal_website.Components.Pages.Contact\personal_website.Components.Pages.Contact.csproj", "{EFB835A0-759F-4CB4-8F0A-551FBD87AD2F}"
EndProject
Global
	GlobalSection(SolutionConfigurationPlatforms) = preSolution
		Debug|Any CPU = Debug|Any CPU
		Debug|x64 = Debug|x64
		Debug|x86 = Debug|x86
		Release|Any CPU = Release|Any CPU
		Release|x64 = Release|x64
		Release|x86 = Release|x86
	EndGlobalSection
	GlobalSection(ProjectConfigurationPlatforms) = postSolution
		{17E96E66-E098-42E4-9D79-75E88684E5F0}.Debug|Any CPU.ActiveCfg = Debug|Any CPU
		{17E96E66-E098-42E4-9D79-75E88684E5F0}.Debug|Any CPU.Build.0 = Debug|Any CPU
		{17E96E66-E098-42E4-9D79-75E88684E5F0}.Debug|x64.ActiveCfg = Debug|Any CPU
		{17E96E66-E098-42E4-9D79-75E88684E5F0}.Debug|x64.Build.0 = Debug|Any CPU
		{17E96E66-E098-42E4-9D79-75E88684E5F0}.Debug|x86.ActiveCfg = Debug|Any CPU
		{17E96E66-E098-42E4-9D79-75E88684E5F0}.Debug|x86.Build.0 = Debug|Any CPU
		{17E96E66-E098-42E4-9D79-75E88684E5F0}.Release|Any CPU.ActiveCfg = Release|Any CPU
		{17E96E66-E098-42E4-9D79-75E88684E5F0}.Release|Any CPU.Build.0 = Release|Any CPU
		{17E96E66-E098-42E4-9D79-75E88684E5F0}.Release|x64.ActiveCfg = Release|Any CPU
		{17E96E66-E098-42E4-9D79-75E88684E5F0}.Release|x64.Build.0 = Release|Any CPU
		{17E96E66-E098-42E4-9D79-75E88684E5F0}.Release|x86.ActiveCfg = Release|Any CPU
		{17E96E66-E098-42E4-9D79-75E88684E5F0}.Release|x86.Build.0 = Release|Any CPU
		{6C8C7392-79C6-4CA1-B5BD-711DF175E252}.Debug|Any CPU.ActiveCfg = Debug|Any CPU
		{6C8C7392-79C6-4CA1-B5BD-711DF175E252}.Debug|Any CPU.Build.0 = Debug|Any CPU
		{6C8C7392-79C6-4CA1-B5BD-711DF175E252}.Debug|x64.ActiveCfg = Debug|Any CPU
		{6C8C7392-79C6-4CA1-B5BD-711DF175E252}.Debug|x64.Build.0 = Debug|Any CPU
		{6C8C7392-79C6-4CA1-B5BD-711DF175E252}.Debug|x86.ActiveCfg = Debug|Any CPU
		{6C8C7392-79C6-4CA1-B5BD-711DF175E252}.Debug|x86.Build.0 = Debug|Any CPU
		{6C8C7392-79C6-4CA1-B5BD-711DF175E252}.Release|Any CPU.ActiveCfg = Release|Any CPU
		{6C8C7392-79C6-4CA1-B5BD-711DF175E252}.Release|Any CPU.Build.0 = Release|Any CPU
		{6C8C7392-79C6-4CA1-B5BD-711DF175E252}.Release|x64.ActiveCfg = Release|Any CPU
		{6C8C7392-79C6-4CA1-B5BD-711DF175E252}.Release|x64.Build.0 = Release|Any CPU
		{6C8C7392-79C6-4CA1-B5BD-711DF175E252}.Release|x86.ActiveCfg = Release|Any CPU
		{6C8C7392-79C6-4CA1-B5BD-711DF175E252}.Release|x86.Build.0 = Release|Any CPU
		{828E046C-1C16-4B46-9C36-CE98094B1701}.Debug|Any CPU.ActiveCfg = Debug|Any CPU
		{828E046C-1C16-4B46-9C36-CE98094B1701}.Debug|Any CPU.Build.0 = Debug|Any CPU
		{828E046C-1C16-4B46-9C36-CE98094B1701}.Debug|x64.ActiveCfg = Debug|Any CPU
		{828E046C-1C16-4B46-9C36-CE98094B1701}.Debug|x64.Build.0 = Debug|Any CPU
		{828E046C-1C16-4B46-9C36-CE98094B1701}.Debug|x86.ActiveCfg = Debug|Any CPU
		{828E046C-1C16-4B46-9C36-CE98094B1701}.Debug|x86.Build.0 = Debug|Any CPU
		{828E046C-1C16-4B46-9C36-CE98094B1701}.Release|Any CPU.ActiveCfg = Release|Any CPU
		{828E046C-1C16-4B46-9C36-CE98094B1701}.Release|Any CPU.Build.0 = Release|Any CPU
		{828E046C-1C16-4B46-9C36-CE98094B1701}.Release|x64.ActiveCfg = Release|Any CPU
		{828E046C-1C16-4B46-9C36-CE98094B1701}.Release|x64.Build.0 = Release|Any CPU
		{828E046C-1C16-4B46-9C36-CE98094B1701}.Release|x86.ActiveCfg = Release|Any CPU
		{828E046C-1C16-4B46-9C36-CE98094B1701}.Release|x86.Build.0 = Release|Any CPU
		{EFB835A0-759F-4CB4-8F0A-551FBD87AD2F}.Debug|Any CPU.ActiveCfg = Debug|Any CPU
		{EFB835A0-759F-4CB4-8F0A-551FBD87AD2F}.Debug|Any CPU.Build.0 = Debug|Any CPU
		{EFB835A0-759F-4CB4-8F0A-551FBD87AD2F}.Debug|x64.ActiveCfg = Debug|Any CPU
		{EFB835A0-759F-4CB4-8F0A-551FBD87AD2F}.Debug|x64.Build.0 = Debug|Any CPU
		{EFB835A0-759F-4CB4-8F0A-551FBD87AD2F}.Debug|x86.ActiveCfg = Debug|Any CPU
		{EFB835A0-759F-4CB4-8F0A-551FBD87AD2F}.Debug|x86.Build.0 = Debug|Any CPU
		{EFB835A0-759F-4CB4-8F0A-551FBD87AD2F}.Release|Any CPU.ActiveCfg = Release|Any CPU
		{EFB835A0-759F-4CB4-8F0A-551FBD87AD2F}.Release|Any CPU.Build.0 = Release|Any CPU
		{EFB835A0-759F-4CB4-8F0A-551FBD87AD2F}.Release|x64.ActiveCfg = Release|Any CPU
		{EFB835A0-759F-4CB4-8F0A-551FBD87AD2F}.Release|x64.Build.0 = Release|Any CPU
		{EFB835A0-759F-4CB4-8F0A-551FBD87AD2F}.Release|x86.ActiveCfg = Release|Any CPU
		{EFB835A0-759F-4CB4-8F0A-551FBD87AD2F}.Release|x86.Build.0 = Release|Any CPU
	EndGlobalSection
	GlobalSection(SolutionProperties) = preSolution
		HideSolutionNode = FALSE
	EndGlobalSection
	GlobalSection(NestedProjects) = preSolution
		{6C8C7392-79C6-4CA1-B5BD-711DF175E252} = {F2E35B3E-9711-EDEC-6202-DB40BDEED14A}
		{828E046C-1C16-4B46-9C36-CE98094B1701} = {F2E35B3E-9711-EDEC-6202-DB40BDEED14A}
		{EFB835A0-759F-4CB4-8F0A-551FBD87AD2F} = {F2E35B3E-9711-EDEC-6202-DB40BDEED14A}
	EndGlobalSection
	GlobalSection(ExtensibilityGlobals) = postSolution
		SolutionGuid = {55BD8FC2-460D-4F10-8749-E92C591E9228}
	EndGlobalSection
EndGlobal
